
Microsoft Visual Studio Solution File, Format Version 12.00
# Visual Studio Version 17
VisualStudioVersion = 17.4.33213.308
MinimumVisualStudioVersion = 10.0.40219.1
Project("{FAE04EC0-301F-11D3-BF4B-00C04F79EFBC}") = "Writer_Component", "Writer_Component\Writer_Component.csproj", "{DE8C9FE1-689F-4A8A-9D73-D4FE3615A931}"
EndProject
Project("{FAE04EC0-301F-11D3-BF4B-00C04F79EFBC}") = "Replicator_Sender_Component", "Replicator_Sender_Component\Replicator_Sender_Component.csproj", "{F9BB7F0F-1C67-4012-A83D-7493CB883711}"
EndProject
Project("{FAE04EC0-301F-11D3-BF4B-00C04F79EFBC}") = "Replicator_Receiver_Component", "Replicator_Receiver_Component\Replicator_Receiver_Component.csproj", "{4BAC9B25-8FE5-46CB-9E99-8B9FE2617A86}"
EndProject
Project("{FAE04EC0-301F-11D3-BF4B-00C04F79EFBC}") = "Reader_Component", "Reader_Component\Reader_Component.csproj", "{F38B3389-1CFD-422B-A5C0-B466B338635E}"
EndProject
Project("{FAE04EC0-301F-11D3-BF4B-00C04F79EFBC}") = "Reports_Component", "Reports_Component\Reports_Component.csproj", "{F6E4CFF6-0036-4C90-93CF-85E1E207EC7E}"
EndProject
Project("{FAE04EC0-301F-11D3-BF4B-00C04F79EFBC}") = "Database_Component", "Database_Component\Database_Component.csproj", "{A2D1DE21-B135-46A4-985F-3D38FACA4300}"
EndProject
Project("{FAE04EC0-301F-11D3-BF4B-00C04F79EFBC}") = "UI", "UI\UI.csproj", "{62DDD94E-D781-46C8-B64C-FA07BD8E6A50}"
EndProject
Project("{2150E333-8FDC-42A3-9474-1A3956D46DE8}") = "Test", "Test", "{7E4362C0-232B-4AE6-8655-60032E3559C8}"
EndProject
Project("{FAE04EC0-301F-11D3-BF4B-00C04F79EFBC}") = "Database_Component_Test", "Database_Component_Test\Database_Component_Test.csproj", "{912BD248-D499-44CB-9734-C02F53EFEB3E}"
EndProject
Project("{FAE04EC0-301F-11D3-BF4B-00C04F79EFBC}") = "Reader_Component_Test", "Reader_Component_Test\Reader_Component_Test.csproj", "{852AFDAA-D102-461C-AE11-A281F6308279}"
EndProject
Project("{FAE04EC0-301F-11D3-BF4B-00C04F79EFBC}") = "Reports_Component_Test", "Reports_Component_Test\Reports_Component_Test.csproj", "{F40C1BA7-27B2-4E1F-89F3-6B28784FF2D2}"
EndProject
Project("{FAE04EC0-301F-11D3-BF4B-00C04F79EFBC}") = "Writer_Component_Test", "Writer_Component_Test\Writer_Component_Test.csproj", "{B94A788F-2E99-48F8-AB3C-D27C6FBB8825}"
EndProject
Project("{FAE04EC0-301F-11D3-BF4B-00C04F79EFBC}") = "Replicator_Sender_Component_Test", "Replicator_Sender_Component_Test\Replicator_Sender_Component_Test.csproj", "{18A2BEA4-5AD5-48DF-9ECC-49DA88B366A9}"
EndProject
Project("{FAE04EC0-301F-11D3-BF4B-00C04F79EFBC}") = "Replicator_Receiver_Component_Test", "Replicator_Receiver_Component_Test\Replicator_Receiver_Component_Test.csproj", "{25E706EE-1761-49C7-87A0-761FCB5536BD}"
EndProject
Global
	GlobalSection(SolutionConfigurationPlatforms) = preSolution
		Debug|Any CPU = Debug|Any CPU
		Release|Any CPU = Release|Any CPU
	EndGlobalSection
	GlobalSection(ProjectConfigurationPlatforms) = postSolution
		{DE8C9FE1-689F-4A8A-9D73-D4FE3615A931}.Debug|Any CPU.ActiveCfg = Debug|Any CPU
		{DE8C9FE1-689F-4A8A-9D73-D4FE3615A931}.Debug|Any CPU.Build.0 = Debug|Any CPU
		{DE8C9FE1-689F-4A8A-9D73-D4FE3615A931}.Release|Any CPU.ActiveCfg = Release|Any CPU
		{DE8C9FE1-689F-4A8A-9D73-D4FE3615A931}.Release|Any CPU.Build.0 = Release|Any CPU
		{F9BB7F0F-1C67-4012-A83D-7493CB883711}.Debug|Any CPU.ActiveCfg = Debug|Any CPU
		{F9BB7F0F-1C67-4012-A83D-7493CB883711}.Debug|Any CPU.Build.0 = Debug|Any CPU
		{F9BB7F0F-1C67-4012-A83D-7493CB883711}.Release|Any CPU.ActiveCfg = Release|Any CPU
		{F9BB7F0F-1C67-4012-A83D-7493CB883711}.Release|Any CPU.Build.0 = Release|Any CPU
		{4BAC9B25-8FE5-46CB-9E99-8B9FE2617A86}.Debug|Any CPU.ActiveCfg = Debug|Any CPU
		{4BAC9B25-8FE5-46CB-9E99-8B9FE2617A86}.Debug|Any CPU.Build.0 = Debug|Any CPU
		{4BAC9B25-8FE5-46CB-9E99-8B9FE2617A86}.Release|Any CPU.ActiveCfg = Release|Any CPU
		{4BAC9B25-8FE5-46CB-9E99-8B9FE2617A86}.Release|Any CPU.Build.0 = Release|Any CPU
		{F38B3389-1CFD-422B-A5C0-B466B338635E}.Debug|Any CPU.ActiveCfg = Debug|Any CPU
		{F38B3389-1CFD-422B-A5C0-B466B338635E}.Debug|Any CPU.Build.0 = Debug|Any CPU
		{F38B3389-1CFD-422B-A5C0-B466B338635E}.Release|Any CPU.ActiveCfg = Release|Any CPU
		{F38B3389-1CFD-422B-A5C0-B466B338635E}.Release|Any CPU.Build.0 = Release|Any CPU
		{F6E4CFF6-0036-4C90-93CF-85E1E207EC7E}.Debug|Any CPU.ActiveCfg = Debug|Any CPU
		{F6E4CFF6-0036-4C90-93CF-85E1E207EC7E}.Debug|Any CPU.Build.0 = Debug|Any CPU
		{F6E4CFF6-0036-4C90-93CF-85E1E207EC7E}.Release|Any CPU.ActiveCfg = Release|Any CPU
		{F6E4CFF6-0036-4C90-93CF-85E1E207EC7E}.Release|Any CPU.Build.0 = Release|Any CPU
		{A2D1DE21-B135-46A4-985F-3D38FACA4300}.Debug|Any CPU.ActiveCfg = Debug|Any CPU
		{A2D1DE21-B135-46A4-985F-3D38FACA4300}.Debug|Any CPU.Build.0 = Debug|Any CPU
		{A2D1DE21-B135-46A4-985F-3D38FACA4300}.Release|Any CPU.ActiveCfg = Release|Any CPU
		{A2D1DE21-B135-46A4-985F-3D38FACA4300}.Release|Any CPU.Build.0 = Release|Any CPU
		{62DDD94E-D781-46C8-B64C-FA07BD8E6A50}.Debug|Any CPU.ActiveCfg = Debug|Any CPU
		{62DDD94E-D781-46C8-B64C-FA07BD8E6A50}.Debug|Any CPU.Build.0 = Debug|Any CPU
		{62DDD94E-D781-46C8-B64C-FA07BD8E6A50}.Release|Any CPU.ActiveCfg = Release|Any CPU
		{62DDD94E-D781-46C8-B64C-FA07BD8E6A50}.Release|Any CPU.Build.0 = Release|Any CPU
		{912BD248-D499-44CB-9734-C02F53EFEB3E}.Debug|Any CPU.ActiveCfg = Debug|Any CPU
		{912BD248-D499-44CB-9734-C02F53EFEB3E}.Debug|Any CPU.Build.0 = Debug|Any CPU
		{912BD248-D499-44CB-9734-C02F53EFEB3E}.Release|Any CPU.ActiveCfg = Release|Any CPU
		{912BD248-D499-44CB-9734-C02F53EFEB3E}.Release|Any CPU.Build.0 = Release|Any CPU
		{852AFDAA-D102-461C-AE11-A281F6308279}.Debug|Any CPU.ActiveCfg = Debug|Any CPU
		{852AFDAA-D102-461C-AE11-A281F6308279}.Debug|Any CPU.Build.0 = Debug|Any CPU
		{852AFDAA-D102-461C-AE11-A281F6308279}.Release|Any CPU.ActiveCfg = Release|Any CPU
		{852AFDAA-D102-461C-AE11-A281F6308279}.Release|Any CPU.Build.0 = Release|Any CPU
		{F40C1BA7-27B2-4E1F-89F3-6B28784FF2D2}.Debug|Any CPU.ActiveCfg = Debug|Any CPU
		{F40C1BA7-27B2-4E1F-89F3-6B28784FF2D2}.Debug|Any CPU.Build.0 = Debug|Any CPU
		{F40C1BA7-27B2-4E1F-89F3-6B28784FF2D2}.Release|Any CPU.ActiveCfg = Release|Any CPU
		{F40C1BA7-27B2-4E1F-89F3-6B28784FF2D2}.Release|Any CPU.Build.0 = Release|Any CPU
		{B94A788F-2E99-48F8-AB3C-D27C6FBB8825}.Debug|Any CPU.ActiveCfg = Debug|Any CPU
		{B94A788F-2E99-48F8-AB3C-D27C6FBB8825}.Debug|Any CPU.Build.0 = Debug|Any CPU
		{B94A788F-2E99-48F8-AB3C-D27C6FBB8825}.Release|Any CPU.ActiveCfg = Release|Any CPU
		{B94A788F-2E99-48F8-AB3C-D27C6FBB8825}.Release|Any CPU.Build.0 = Release|Any CPU
		{18A2BEA4-5AD5-48DF-9ECC-49DA88B366A9}.Debug|Any CPU.ActiveCfg = Debug|Any CPU
		{18A2BEA4-5AD5-48DF-9ECC-49DA88B366A9}.Debug|Any CPU.Build.0 = Debug|Any CPU
		{18A2BEA4-5AD5-48DF-9ECC-49DA88B366A9}.Release|Any CPU.ActiveCfg = Release|Any CPU
		{18A2BEA4-5AD5-48DF-9ECC-49DA88B366A9}.Release|Any CPU.Build.0 = Release|Any CPU
		{25E706EE-1761-49C7-87A0-761FCB5536BD}.Debug|Any CPU.ActiveCfg = Debug|Any CPU
		{25E706EE-1761-49C7-87A0-761FCB5536BD}.Debug|Any CPU.Build.0 = Debug|Any CPU
		{25E706EE-1761-49C7-87A0-761FCB5536BD}.Release|Any CPU.ActiveCfg = Release|Any CPU
		{25E706EE-1761-49C7-87A0-761FCB5536BD}.Release|Any CPU.Build.0 = Release|Any CPU
	EndGlobalSection
	GlobalSection(SolutionProperties) = preSolution
		HideSolutionNode = FALSE
	EndGlobalSection
	GlobalSection(NestedProjects) = preSolution
		{912BD248-D499-44CB-9734-C02F53EFEB3E} = {7E4362C0-232B-4AE6-8655-60032E3559C8}
		{852AFDAA-D102-461C-AE11-A281F6308279} = {7E4362C0-232B-4AE6-8655-60032E3559C8}
		{F40C1BA7-27B2-4E1F-89F3-6B28784FF2D2} = {7E4362C0-232B-4AE6-8655-60032E3559C8}
		{B94A788F-2E99-48F8-AB3C-D27C6FBB8825} = {7E4362C0-232B-4AE6-8655-60032E3559C8}
		{18A2BEA4-5AD5-48DF-9ECC-49DA88B366A9} = {7E4362C0-232B-4AE6-8655-60032E3559C8}
		{25E706EE-1761-49C7-87A0-761FCB5536BD} = {7E4362C0-232B-4AE6-8655-60032E3559C8}
	EndGlobalSection
	GlobalSection(ExtensibilityGlobals) = postSolution
		SolutionGuid = {AA236950-710D-4486-A061-1D179B1A2AD1}
	EndGlobalSection
EndGlobal
