
Microsoft Visual Studio Solution File, Format Version 12.00
# Visual Studio Version 17
VisualStudioVersion = 17.4.33110.190
MinimumVisualStudioVersion = 10.0.40219.1
Project("{FAE04EC0-301F-11D3-BF4B-00C04F79EFBC}") = "Writer_Component", "Writer_Component\Writer_Component.csproj", "{DE8C9FE1-689F-4A8A-9D73-D4FE3615A931}"
EndProject
Project("{FAE04EC0-301F-11D3-BF4B-00C04F79EFBC}") = "Replicator_Sender_Component", "Replicator_Sender_Component\Replicator_Sender_Component.csproj", "{F9BB7F0F-1C67-4012-A83D-7493CB883711}"
EndProject
Project("{FAE04EC0-301F-11D3-BF4B-00C04F79EFBC}") = "Replicator_Receiver_Component", "Replicator_Receiver_Component\Replicator_Receiver_Component.csproj", "{4BAC9B25-8FE5-46CB-9E99-8B9FE2617A86}"
EndProject
Project("{FAE04EC0-301F-11D3-BF4B-00C04F79EFBC}") = "Reader_Component", "Reader_Component\Reader_Component.csproj", "{1188AD06-2B1E-4AF9-9B3B-09A563C01452}"
EndProject
Project("{FAE04EC0-301F-11D3-BF4B-00C04F79EFBC}") = "Reports_Component", "Reports_Component\Reports_Component.csproj", "{F6E4CFF6-0036-4C90-93CF-85E1E207EC7E}"
EndProject
Project("{FAE04EC0-301F-11D3-BF4B-00C04F79EFBC}") = "Database_Component", "Database_Component\Database_Component.csproj", "{A2D1DE21-B135-46A4-985F-3D38FACA4300}"
EndProject
Project("{FAE04EC0-301F-11D3-BF4B-00C04F79EFBC}") = "UI", "UI\UI.csproj", "{62DDD94E-D781-46C8-B64C-FA07BD8E6A50}"
EndProject
Global
	GlobalSection(SolutionConfigurationPlatforms) = preSolution
		Debug|Any CPU = Debug|Any CPU
		Release|Any CPU = Release|Any CPU
	EndGlobalSection
	GlobalSection(ProjectConfigurationPlatforms) = postSolution
		{DE8C9FE1-689F-4A8A-9D73-D4FE3615A931}.Debug|Any CPU.ActiveCfg = Debug|Any CPU
		{DE8C9FE1-689F-4A8A-9D73-D4FE3615A931}.Debug|Any CPU.Build.0 = Debug|Any CPU
		{DE8C9FE1-689F-4A8A-9D73-D4FE3615A931}.Release|Any CPU.ActiveCfg = Release|Any CPU
		{DE8C9FE1-689F-4A8A-9D73-D4FE3615A931}.Release|Any CPU.Build.0 = Release|Any CPU
		{F9BB7F0F-1C67-4012-A83D-7493CB883711}.Debug|Any CPU.ActiveCfg = Debug|Any CPU
		{F9BB7F0F-1C67-4012-A83D-7493CB883711}.Debug|Any CPU.Build.0 = Debug|Any CPU
		{F9BB7F0F-1C67-4012-A83D-7493CB883711}.Release|Any CPU.ActiveCfg = Release|Any CPU
		{F9BB7F0F-1C67-4012-A83D-7493CB883711}.Release|Any CPU.Build.0 = Release|Any CPU
		{4BAC9B25-8FE5-46CB-9E99-8B9FE2617A86}.Debug|Any CPU.ActiveCfg = Debug|Any CPU
		{4BAC9B25-8FE5-46CB-9E99-8B9FE2617A86}.Debug|Any CPU.Build.0 = Debug|Any CPU
		{4BAC9B25-8FE5-46CB-9E99-8B9FE2617A86}.Release|Any CPU.ActiveCfg = Release|Any CPU
		{4BAC9B25-8FE5-46CB-9E99-8B9FE2617A86}.Release|Any CPU.Build.0 = Release|Any CPU
		{1188AD06-2B1E-4AF9-9B3B-09A563C01452}.Debug|Any CPU.ActiveCfg = Debug|Any CPU
		{1188AD06-2B1E-4AF9-9B3B-09A563C01452}.Debug|Any CPU.Build.0 = Debug|Any CPU
		{1188AD06-2B1E-4AF9-9B3B-09A563C01452}.Release|Any CPU.ActiveCfg = Release|Any CPU
		{1188AD06-2B1E-4AF9-9B3B-09A563C01452}.Release|Any CPU.Build.0 = Release|Any CPU
		{F6E4CFF6-0036-4C90-93CF-85E1E207EC7E}.Debug|Any CPU.ActiveCfg = Debug|Any CPU
		{F6E4CFF6-0036-4C90-93CF-85E1E207EC7E}.Debug|Any CPU.Build.0 = Debug|Any CPU
		{F6E4CFF6-0036-4C90-93CF-85E1E207EC7E}.Release|Any CPU.ActiveCfg = Release|Any CPU
		{F6E4CFF6-0036-4C90-93CF-85E1E207EC7E}.Release|Any CPU.Build.0 = Release|Any CPU
		{A2D1DE21-B135-46A4-985F-3D38FACA4300}.Debug|Any CPU.ActiveCfg = Debug|Any CPU
		{A2D1DE21-B135-46A4-985F-3D38FACA4300}.Debug|Any CPU.Build.0 = Debug|Any CPU
		{A2D1DE21-B135-46A4-985F-3D38FACA4300}.Release|Any CPU.ActiveCfg = Release|Any CPU
		{A2D1DE21-B135-46A4-985F-3D38FACA4300}.Release|Any CPU.Build.0 = Release|Any CPU
		{62DDD94E-D781-46C8-B64C-FA07BD8E6A50}.Debug|Any CPU.ActiveCfg = Debug|Any CPU
		{62DDD94E-D781-46C8-B64C-FA07BD8E6A50}.Debug|Any CPU.Build.0 = Debug|Any CPU
		{62DDD94E-D781-46C8-B64C-FA07BD8E6A50}.Release|Any CPU.ActiveCfg = Release|Any CPU
		{62DDD94E-D781-46C8-B64C-FA07BD8E6A50}.Release|Any CPU.Build.0 = Release|Any CPU
	EndGlobalSection
	GlobalSection(SolutionProperties) = preSolution
		HideSolutionNode = FALSE
	EndGlobalSection
	GlobalSection(ExtensibilityGlobals) = postSolution
		SolutionGuid = {AA236950-710D-4486-A061-1D179B1A2AD1}
	EndGlobalSection
EndGlobal
